
Microsoft Visual Studio Solution File, Format Version 12.00
# Visual Studio 15
VisualStudioVersion = 15.0.28010.2036
MinimumVisualStudioVersion = 10.0.40219.1
Project("{FAE04EC0-301F-11D3-BF4B-00C04F79EFBC}") = "Range", "..\Range\Range\Range.csproj", "{C127E1C9-822A-4945-91CF-AB67A6A8E51E}"
EndProject
Project("{FAE04EC0-301F-11D3-BF4B-00C04F79EFBC}") = "Shapes", "..\Shapes\Shapes\Shapes.csproj", "{DD9BD24A-ED60-438D-9C59-DC3FB49482DF}"
EndProject
Global
	GlobalSection(SolutionConfigurationPlatforms) = preSolution
		Debug|Any CPU = Debug|Any CPU
		Release|Any CPU = Release|Any CPU
	EndGlobalSection
	GlobalSection(ProjectConfigurationPlatforms) = postSolution
		{C127E1C9-822A-4945-91CF-AB67A6A8E51E}.Debug|Any CPU.ActiveCfg = Debug|Any CPU
		{C127E1C9-822A-4945-91CF-AB67A6A8E51E}.Debug|Any CPU.Build.0 = Debug|Any CPU
		{C127E1C9-822A-4945-91CF-AB67A6A8E51E}.Release|Any CPU.ActiveCfg = Release|Any CPU
		{C127E1C9-822A-4945-91CF-AB67A6A8E51E}.Release|Any CPU.Build.0 = Release|Any CPU
		{DD9BD24A-ED60-438D-9C59-DC3FB49482DF}.Debug|Any CPU.ActiveCfg = Debug|Any CPU
		{DD9BD24A-ED60-438D-9C59-DC3FB49482DF}.Debug|Any CPU.Build.0 = Debug|Any CPU
		{DD9BD24A-ED60-438D-9C59-DC3FB49482DF}.Release|Any CPU.ActiveCfg = Release|Any CPU
		{DD9BD24A-ED60-438D-9C59-DC3FB49482DF}.Release|Any CPU.Build.0 = Release|Any CPU
	EndGlobalSection
	GlobalSection(SolutionProperties) = preSolution
		HideSolutionNode = FALSE
	EndGlobalSection
	GlobalSection(ExtensibilityGlobals) = postSolution
		SolutionGuid = {02281624-B285-4764-AC27-3B90B7614463}
	EndGlobalSection
EndGlobal
